PODS:
  - Alamofire (4.4.0)
  - OHHTTPStubs (5.2.2):
    - OHHTTPStubs/Default (= 5.2.2)
  - OHHTTPStubs/Core (5.2.2)
  - OHHTTPStubs/Default (5.2.2):
    - OHHTTPStubs/Core
    - OHHTTPStubs/JSON
    - OHHTTPStubs/NSURLSession
    - OHHTTPStubs/OHPathHelpers
  - OHHTTPStubs/JSON (5.2.2):
    - OHHTTPStubs/Core
  - OHHTTPStubs/NSURLSession (5.2.2):
    - OHHTTPStubs/Core
  - OHHTTPStubs/OHPathHelpers (5.2.2)
  - OHHTTPStubs/Swift (5.2.2):
    - OHHTTPStubs/Core

DEPENDENCIES:
  - Alamofire (= 4.4.0)
  - OHHTTPStubs
  - OHHTTPStubs/Swift

SPEC CHECKSUMS:
  Alamofire: dc44b1600b800eb63da6a19039a0083d62a6a62d
  OHHTTPStubs: 34d9d0994e64fcf8552dbfade5ce82ada913ee31

PODFILE CHECKSUM: a557694109a086e34685eb60e21acd4e51e730bb

COCOAPODS: 1.2.1
