PODS:
  - Alamofire (3.4.0)
  - OHHTTPStubs (5.0.0):
    - OHHTTPStubs/Default (= 5.0.0)
  - OHHTTPStubs/Core (5.0.0)
  - OHHTTPStubs/Default (5.0.0):
    - OHHTTPStubs/Core
    - OHHTTPStubs/JSON
    - OHHTTPStubs/NSURLSession
    - OHHTTPStubs/OHPathHelpers
  - OHHTTPStubs/JSON (5.0.0):
    - OHHTTPStubs/Core
  - OHHTTPStubs/NSURLSession (5.0.0):
    - OHHTTPStubs/Core
  - OHHTTPStubs/OHPathHelpers (5.0.0)
  - OHHTTPStubs/Swift (5.0.0):
    - OHHTTPStubs/Core

DEPENDENCIES:
  - Alamofire (~> 3.0)
  - OHHTTPStubs
  - OHHTTPStubs/Swift

SPEC CHECKSUMS:
  Alamofire: c19a627cefd6a95f840401c49ab1f124e07f54ee
  OHHTTPStubs: a5d2e9eea07869d42ec03338325f398bc520e159

PODFILE CHECKSUM: 5a67ba1385a07c4e07d8ce75693e97d14ff8ad0d

COCOAPODS: 1.0.1
