PODS:
  - Alamofire (4.0.1)
  - OHHTTPStubs (5.2.2):
    - OHHTTPStubs/Default (= 5.2.2)
  - OHHTTPStubs/Core (5.2.2)
  - OHHTTPStubs/Default (5.2.2):
    - OHHTTPStubs/Core
    - OHHTTPStubs/JSON
    - OHHTTPStubs/NSURLSession
    - OHHTTPStubs/OHPathHelpers
  - OHHTTPStubs/JSON (5.2.2):
    - OHHTTPStubs/Core
  - OHHTTPStubs/NSURLSession (5.2.2):
    - OHHTTPStubs/Core
  - OHHTTPStubs/OHPathHelpers (5.2.2)
  - OHHTTPStubs/Swift (5.2.2):
    - OHHTTPStubs/Core

DEPENDENCIES:
  - Alamofire (= 4.0.1)
  - OHHTTPStubs
  - OHHTTPStubs/Swift

SPEC CHECKSUMS:
  Alamofire: 7682d43245de14874acd142ec137b144aa1dd335
  OHHTTPStubs: 34d9d0994e64fcf8552dbfade5ce82ada913ee31

PODFILE CHECKSUM: 360fc61c51e06082a906a866a12d9d3ff5627875

COCOAPODS: 1.1.1
