// !$*UTF8*$!
{
	archiveVersion = 1;
	classes = {
	};
	objectVersion = 46;
	objects = {

/* Begin PBXBuildFile section */
		939555891C15FD89001BC911 /* AppDelegate.swift in Sources */ = {isa = PBXBuildFile; fileRef = 939555881C15FD89001BC911 /* AppDelegate.swift */; };
		9395558B1C15FD89001BC911 /* ViewController.swift in Sources */ = {isa = PBXBuildFile; fileRef = 9395558A1C15FD89001BC911 /* ViewController.swift */; };
		9395558E1C15FD89001BC911 /* Main.storyboard in Resources */ = {isa = PBXBuildFile; fileRef = 9395558C1C15FD89001BC911 /* Main.storyboard */; };
		939555901C15FD89001BC911 /* Assets.xcassets in Resources */ = {isa = PBXBuildFile; fileRef = 9395558F1C15FD89001BC911 /* Assets.xcassets */; };
		939555931C15FD89001BC911 /* LaunchScreen.storyboard in Resources */ = {isa = PBXBuildFile; fileRef = 939555911C15FD89001BC911 /* LaunchScreen.storyboard */; };
		C505E74DC689AF9EF5EEEC68 /* Pods_WPCKitDemo.framework in Frameworks */ = {isa = PBXBuildFile; fileRef = 6F1A1FF533513DB165F307B6 /* Pods_WPCKitDemo.framework */; };
/* End PBXBuildFile section */

/* Begin PBXFileReference section */
		1034CD886862D1ACD6AF1B3E /* Pods-WPCKitDemo.release.xcconfig */ = {isa = PBXFileReference; includeInIndex = 1; lastKnownFileType = text.xcconfig; name = "Pods-WPCKitDemo.release.xcconfig"; path = "Pods/Target Support Files/Pods-WPCKitDemo/Pods-WPCKitDemo.release.xcconfig"; sourceTree = "<group>"; };
		6F1A1FF533513DB165F307B6 /* Pods_WPCKitDemo.framework */ = {isa = PBXFileReference; explicitFileType = wrapper.framework; includeInIndex = 0; path = Pods_WPCKitDemo.framework; sourceTree = BUILT_PRODUCTS_DIR; };
		939555851C15FD89001BC911 /* WPCKitDemo.app */ = {isa = PBXFileReference; explicitFileType = wrapper.application; includeInIndex = 0; path = WPCKitDemo.app; sourceTree = BUILT_PRODUCTS_DIR; };
		939555881C15FD89001BC911 /* AppDelegate.swift */ = {isa = PBXFileReference; lastKnownFileType = sourcecode.swift; path = AppDelegate.swift; sourceTree = "<group>"; };
		9395558A1C15FD89001BC911 /* ViewController.swift */ = {isa = PBXFileReference; lastKnownFileType = sourcecode.swift; path = ViewController.swift; sourceTree = "<group>"; };
		9395558D1C15FD89001BC911 /* Base */ = {isa = PBXFileReference; lastKnownFileType = file.storyboard; name = Base; path = Base.lproj/Main.storyboard; sourceTree = "<group>"; };
		9395558F1C15FD89001BC911 /* Assets.xcassets */ = {isa = PBXFileReference; lastKnownFileType = folder.assetcatalog; path = Assets.xcassets; sourceTree = "<group>"; };
		939555921C15FD89001BC911 /* Base */ = {isa = PBXFileReference; lastKnownFileType = file.storyboard; name = Base; path = Base.lproj/LaunchScreen.storyboard; sourceTree = "<group>"; };
		939555941C15FD89001BC911 /* Info.plist */ = {isa = PBXFileReference; lastKnownFileType = text.plist.xml; path = Info.plist; sourceTree = "<group>"; };
		EC87CC9C776F2391B6A7E5DF /* Pods-WPCKitDemo.debug.xcconfig */ = {isa = PBXFileReference; includeInIndex = 1; lastKnownFileType = text.xcconfig; name = "Pods-WPCKitDemo.debug.xcconfig"; path = "Pods/Target Support Files/Pods-WPCKitDemo/Pods-WPCKitDemo.debug.xcconfig"; sourceTree = "<group>"; };
/* End PBXFileReference section */

/* Begin PBXFrameworksBuildPhase section */
		939555821C15FD89001BC911 /* Frameworks */ = {
			isa = PBXFrameworksBuildPhase;
			buildActionMask = 2147483647;
			files = (
				C505E74DC689AF9EF5EEEC68 /* Pods_WPCKitDemo.framework in Frameworks */,
			);
			runOnlyForDeploymentPostprocessing = 0;
		};
/* End PBXFrameworksBuildPhase section */

/* Begin PBXGroup section */
		29C2D5565D3C87FD36CEF218 /* Pods */ = {
			isa = PBXGroup;
			children = (
				EC87CC9C776F2391B6A7E5DF /* Pods-WPCKitDemo.debug.xcconfig */,
				1034CD886862D1ACD6AF1B3E /* Pods-WPCKitDemo.release.xcconfig */,
			);
			name = Pods;
			sourceTree = "<group>";
		};
		9395557C1C15FD89001BC911 = {
			isa = PBXGroup;
			children = (
				939555871C15FD89001BC911 /* WPCKitDemo */,
				939555861C15FD89001BC911 /* Products */,
				29C2D5565D3C87FD36CEF218 /* Pods */,
				AAB72F8AE62DC4FDBC18BBCC /* Frameworks */,
			);
			sourceTree = "<group>";
		};
		939555861C15FD89001BC911 /* Products */ = {
			isa = PBXGroup;
			children = (
				939555851C15FD89001BC911 /* WPCKitDemo.app */,
			);
			name = Products;
			sourceTree = "<group>";
		};
		939555871C15FD89001BC911 /* WPCKitDemo */ = {
			isa = PBXGroup;
			children = (
				939555881C15FD89001BC911 /* AppDelegate.swift */,
				9395558A1C15FD89001BC911 /* ViewController.swift */,
				9395558C1C15FD89001BC911 /* Main.storyboard */,
				9395558F1C15FD89001BC911 /* Assets.xcassets */,
				939555911C15FD89001BC911 /* LaunchScreen.storyboard */,
				939555941C15FD89001BC911 /* Info.plist */,
			);
			path = WPCKitDemo;
			sourceTree = "<group>";
		};
		AAB72F8AE62DC4FDBC18BBCC /* Frameworks */ = {
			isa = PBXGroup;
			children = (
				6F1A1FF533513DB165F307B6 /* Pods_WPCKitDemo.framework */,
			);
			name = Frameworks;
			sourceTree = "<group>";
		};
/* End PBXGroup section */

/* Begin PBXNativeTarget section */
		939555841C15FD89001BC911 /* WPCKitDemo */ = {
			isa = PBXNativeTarget;
			buildConfigurationList = 939555971C15FD89001BC911 /* Build configuration list for PBXNativeTarget "WPCKitDemo" */;
			buildPhases = (
				16A82E7CFAFFD417039D7204 /* [CP] Check Pods Manifest.lock */,
				939555811C15FD89001BC911 /* Sources */,
				939555821C15FD89001BC911 /* Frameworks */,
				939555831C15FD89001BC911 /* Resources */,
				4089DF26ECE45749B42803DE /* [CP] Embed Pods Frameworks */,
				D63A73D975661AE58A91772B /* [CP] Copy Pods Resources */,
			);
			buildRules = (
			);
			dependencies = (
			);
			name = WPCKitDemo;
			productName = WPCKitDemo;
			productReference = 939555851C15FD89001BC911 /* WPCKitDemo.app */;
			productType = "com.apple.product-type.application";
		};
/* End PBXNativeTarget section */

/* Begin PBXProject section */
		9395557D1C15FD89001BC911 /* Project object */ = {
			isa = PBXProject;
			attributes = {
				LastSwiftUpdateCheck = 0710;
				LastUpgradeCheck = 0710;
				ORGANIZATIONNAME = Automattic;
				TargetAttributes = {
					939555841C15FD89001BC911 = {
						CreatedOnToolsVersion = 7.1.1;
						LastSwiftMigration = 0800;
					};
				};
			};
			buildConfigurationList = 939555801C15FD89001BC911 /* Build configuration list for PBXProject "WPCKitDemo" */;
			compatibilityVersion = "Xcode 3.2";
			developmentRegion = English;
			hasScannedForEncodings = 0;
			knownRegions = (
				en,
				Base,
			);
			mainGroup = 9395557C1C15FD89001BC911;
			productRefGroup = 939555861C15FD89001BC911 /* Products */;
			projectDirPath = "";
			projectRoot = "";
			targets = (
				939555841C15FD89001BC911 /* WPCKitDemo */,
			);
		};
/* End PBXProject section */

/* Begin PBXResourcesBuildPhase section */
		939555831C15FD89001BC911 /* Resources */ = {
			isa = PBXResourcesBuildPhase;
			buildActionMask = 2147483647;
			files = (
				939555931C15FD89001BC911 /* LaunchScreen.storyboard in Resources */,
				939555901C15FD89001BC911 /* Assets.xcassets in Resources */,
				9395558E1C15FD89001BC911 /* Main.storyboard in Resources */,
			);
			runOnlyForDeploymentPostprocessing = 0;
		};
/* End PBXResourcesBuildPhase section */

/* Begin PBXShellScriptBuildPhase section */
		16A82E7CFAFFD417039D7204 /* [CP] Check Pods Manifest.lock */ = {
			isa = PBXShellScriptBuildPhase;
			buildActionMask = 2147483647;
			files = (
			);
			inputPaths = (
			);
			name = "[CP] Check Pods Manifest.lock";
			outputPaths = (
			);
			runOnlyForDeploymentPostprocessing = 0;
			shellPath = /bin/sh;
			shellScript = "diff \"${PODS_ROOT}/../Podfile.lock\" \"${PODS_ROOT}/Manifest.lock\" > /dev/null\nif [[ $? != 0 ]] ; then\n    cat << EOM\nerror: The sandbox is not in sync with the Podfile.lock. Run 'pod install' or update your CocoaPods installation.\nEOM\n    exit 1\nfi\n";
			showEnvVarsInLog = 0;
		};
		4089DF26ECE45749B42803DE /* [CP] Embed Pods Frameworks */ = {
			isa = PBXShellScriptBuildPhase;
			buildActionMask = 2147483647;
			files = (
			);
			inputPaths = (
			);
			name = "[CP] Embed Pods Frameworks";
			outputPaths = (
			);
			runOnlyForDeploymentPostprocessing = 0;
			shellPath = /bin/sh;
			shellScript = "\"${SRCROOT}/Pods/Target Support Files/Pods-WPCKitDemo/Pods-WPCKitDemo-frameworks.sh\"\n";
			showEnvVarsInLog = 0;
		};
		D63A73D975661AE58A91772B /* [CP] Copy Pods Resources */ = {
			isa = PBXShellScriptBuildPhase;
			buildActionMask = 2147483647;
			files = (
			);
			inputPaths = (
			);
			name = "[CP] Copy Pods Resources";
			outputPaths = (
			);
			runOnlyForDeploymentPostprocessing = 0;
			shellPath = /bin/sh;
			shellScript = "\"${SRCROOT}/Pods/Target Support Files/Pods-WPCKitDemo/Pods-WPCKitDemo-resources.sh\"\n";
			showEnvVarsInLog = 0;
		};
/* End PBXShellScriptBuildPhase section */

/* Begin PBXSourcesBuildPhase section */
		939555811C15FD89001BC911 /* Sources */ = {
			isa = PBXSourcesBuildPhase;
			buildActionMask = 2147483647;
			files = (
				9395558B1C15FD89001BC911 /* ViewController.swift in Sources */,
				939555891C15FD89001BC911 /* AppDelegate.swift in Sources */,
			);
			runOnlyForDeploymentPostprocessing = 0;
		};
/* End PBXSourcesBuildPhase section */

/* Begin PBXVariantGroup section */
		9395558C1C15FD89001BC911 /* Main.storyboard */ = {
			isa = PBXVariantGroup;
			children = (
				9395558D1C15FD89001BC911 /* Base */,
			);
			name = Main.storyboard;
			sourceTree = "<group>";
		};
		939555911C15FD89001BC911 /* LaunchScreen.storyboard */ = {
			isa = PBXVariantGroup;
			children = (
				939555921C15FD89001BC911 /* Base */,
			);
			name = LaunchScreen.storyboard;
			sourceTree = "<group>";
		};
/* End PBXVariantGroup section */

/* Begin XCBuildConfiguration section */
		939555951C15FD89001BC911 /* Debug */ = {
			isa = XCBuildConfiguration;
			buildSettings = {
				ALWAYS_SEARCH_USER_PATHS = NO;
				CLANG_CXX_LANGUAGE_STANDARD = "gnu++0x";
				CLANG_CXX_LIBRARY = "libc++";
				CLANG_ENABLE_MODULES = YES;
				CLANG_ENABLE_OBJC_ARC = YES;
				CLANG_WARN_BOOL_CONVERSION = YES;
				CLANG_WARN_CONSTANT_CONVERSION = YES;
				CLANG_WARN_DIRECT_OBJC_ISA_USAGE = YES_ERROR;
				CLANG_WARN_EMPTY_BODY = YES;
				CLANG_WARN_ENUM_CONVERSION = YES;
				CLANG_WARN_INT_CONVERSION = YES;
				CLANG_WARN_OBJC_ROOT_CLASS = YES_ERROR;
				CLANG_WARN_UNREACHABLE_CODE = YES;
				CLANG_WARN__DUPLICATE_METHOD_MATCH = YES;
				"CODE_SIGN_IDENTITY[sdk=iphoneos*]" = "iPhone Developer";
				COPY_PHASE_STRIP = NO;
				DEBUG_INFORMATION_FORMAT = dwarf;
				ENABLE_STRICT_OBJC_MSGSEND = YES;
				ENABLE_TESTABILITY = YES;
				GCC_C_LANGUAGE_STANDARD = gnu99;
				GCC_DYNAMIC_NO_PIC = NO;
				GCC_NO_COMMON_BLOCKS = YES;
				GCC_OPTIMIZATION_LEVEL = 0;
				GCC_PREPROCESSOR_DEFINITIONS = (
					"DEBUG=1",
					"$(inherited)",
				);
				GCC_WARN_64_TO_32_BIT_CONVERSION = YES;
				GCC_WARN_ABOUT_RETURN_TYPE = YES_ERROR;
				GCC_WARN_UNDECLARED_SELECTOR = YES;
				GCC_WARN_UNINITIALIZED_AUTOS = YES_AGGRESSIVE;
				GCC_WARN_UNUSED_FUNCTION = YES;
				GCC_WARN_UNUSED_VARIABLE = YES;
				IPHONEOS_DEPLOYMENT_TARGET = 9.1;
				MTL_ENABLE_DEBUG_INFO = YES;
				ONLY_ACTIVE_ARCH = YES;
				SDKROOT = iphoneos;
				SWIFT_OPTIMIZATION_LEVEL = "-Onone";
				TARGETED_DEVICE_FAMILY = "1,2";
			};
			name = Debug;
		};
		939555961C15FD89001BC911 /* Release */ = {
			isa = XCBuildConfiguration;
			buildSettings = {
				ALWAYS_SEARCH_USER_PATHS = NO;
				CLANG_CXX_LANGUAGE_STANDARD = "gnu++0x";
				CLANG_CXX_LIBRARY = "libc++";
				CLANG_ENABLE_MODULES = YES;
				CLANG_ENABLE_OBJC_ARC = YES;
				CLANG_WARN_BOOL_CONVERSION = YES;
				CLANG_WARN_CONSTANT_CONVERSION = YES;
				CLANG_WARN_DIRECT_OBJC_ISA_USAGE = YES_ERROR;
				CLANG_WARN_EMPTY_BODY = YES;
				CLANG_WARN_ENUM_CONVERSION = YES;
				CLANG_WARN_INT_CONVERSION = YES;
				CLANG_WARN_OBJC_ROOT_CLASS = YES_ERROR;
				CLANG_WARN_UNREACHABLE_CODE = YES;
				CLANG_WARN__DUPLICATE_METHOD_MATCH = YES;
				"CODE_SIGN_IDENTITY[sdk=iphoneos*]" = "iPhone Developer";
				COPY_PHASE_STRIP = NO;
				DEBUG_INFORMATION_FORMAT = "dwarf-with-dsym";
				ENABLE_NS_ASSERTIONS = NO;
				ENABLE_STRICT_OBJC_MSGSEND = YES;
				GCC_C_LANGUAGE_STANDARD = gnu99;
				GCC_NO_COMMON_BLOCKS = YES;
				GCC_WARN_64_TO_32_BIT_CONVERSION = YES;
				GCC_WARN_ABOUT_RETURN_TYPE = YES_ERROR;
				GCC_WARN_UNDECLARED_SELECTOR = YES;
				GCC_WARN_UNINITIALIZED_AUTOS = YES_AGGRESSIVE;
				GCC_WARN_UNUSED_FUNCTION = YES;
				GCC_WARN_UNUSED_VARIABLE = YES;
				IPHONEOS_DEPLOYMENT_TARGET = 9.1;
				MTL_ENABLE_DEBUG_INFO = NO;
				SDKROOT = iphoneos;
				TARGETED_DEVICE_FAMILY = "1,2";
				VALIDATE_PRODUCT = YES;
			};
			name = Release;
		};
		939555981C15FD89001BC911 /* Debug */ = {
			isa = XCBuildConfiguration;
			baseConfigurationReference = EC87CC9C776F2391B6A7E5DF /* Pods-WPCKitDemo.debug.xcconfig */;
			buildSettings = {
				ASSETCATALOG_COMPILER_APPICON_NAME = AppIcon;
				INFOPLIST_FILE = WPCKitDemo/Info.plist;
				LD_RUNPATH_SEARCH_PATHS = "$(inherited) @executable_path/Frameworks";
				PRODUCT_BUNDLE_IDENTIFIER = com.automattic.WPCKitDemo;
				PRODUCT_NAME = "$(TARGET_NAME)";
				SWIFT_VERSION = 2.3;
			};
			name = Debug;
		};
		939555991C15FD89001BC911 /* Release */ = {
			isa = XCBuildConfiguration;
			baseConfigurationReference = 1034CD886862D1ACD6AF1B3E /* Pods-WPCKitDemo.release.xcconfig */;
			buildSettings = {
				ASSETCATALOG_COMPILER_APPICON_NAME = AppIcon;
				INFOPLIST_FILE = WPCKitDemo/Info.plist;
				LD_RUNPATH_SEARCH_PATHS = "$(inherited) @executable_path/Frameworks";
				PRODUCT_BUNDLE_IDENTIFIER = com.automattic.WPCKitDemo;
				PRODUCT_NAME = "$(TARGET_NAME)";
				SWIFT_VERSION = 2.3;
			};
			name = Release;
		};
/* End XCBuildConfiguration section */

/* Begin XCConfigurationList section */
		939555801C15FD89001BC911 /* Build configuration list for PBXProject "WPCKitDemo" */ = {
			isa = XCConfigurationList;
			buildConfigurations = (
				939555951C15FD89001BC911 /* Debug */,
				939555961C15FD89001BC911 /* Release */,
			);
			defaultConfigurationIsVisible = 0;
			defaultConfigurationName = Release;
		};
		939555971C15FD89001BC911 /* Build configuration list for PBXNativeTarget "WPCKitDemo" */ = {
			isa = XCConfigurationList;
			buildConfigurations = (
				939555981C15FD89001BC911 /* Debug */,
				939555991C15FD89001BC911 /* Release */,
			);
			defaultConfigurationIsVisible = 0;
			defaultConfigurationName = Release;
		};
/* End XCConfigurationList section */
	};
	rootObject = 9395557D1C15FD89001BC911 /* Project object */;
}
