PODS:
  - Alamofire (3.4.0)
  - WordPressComKit (0.0.1):
    - Alamofire (~> 3.0)

DEPENDENCIES:
  - WordPressComKit (from `../`)

EXTERNAL SOURCES:
  WordPressComKit:
    :path: ../

SPEC CHECKSUMS:
  Alamofire: c19a627cefd6a95f840401c49ab1f124e07f54ee
  WordPressComKit: 6f0c39c3e0af3599cd5244e4ec05192f5e4a7882

COCOAPODS: 0.39.0
